
Microsoft Visual Studio Solution File, Format Version 12.00
# Visual Studio Version 17
VisualStudioVersion = 17.9.34607.119
MinimumVisualStudioVersion = 10.0.40219.1
Project("{FAE04EC0-301F-11D3-BF4B-00C04F79EFBC}") = "DataClassLibrary2024", "DataClassLibrary2024\DataClassLibrary2024.csproj", "{663A7565-3F2F-43F3-B521-4AF618AC6C12}"
EndProject
Global
	GlobalSection(SolutionConfigurationPlatforms) = preSolution
		Debug|Any CPU = Debug|Any CPU
		Release|Any CPU = Release|Any CPU
	EndGlobalSection
	GlobalSection(ProjectConfigurationPlatforms) = postSolution
		{663A7565-3F2F-43F3-B521-4AF618AC6C12}.Debug|Any CPU.ActiveCfg = Debug|Any CPU
		{663A7565-3F2F-43F3-B521-4AF618AC6C12}.Debug|Any CPU.Build.0 = Debug|Any CPU
		{663A7565-3F2F-43F3-B521-4AF618AC6C12}.Release|Any CPU.ActiveCfg = Release|Any CPU
		{663A7565-3F2F-43F3-B521-4AF618AC6C12}.Release|Any CPU.Build.0 = Release|Any CPU
	EndGlobalSection
	GlobalSection(SolutionProperties) = preSolution
		HideSolutionNode = FALSE
	EndGlobalSection
	GlobalSection(ExtensibilityGlobals) = postSolution
		SolutionGuid = {8AAD637D-88F5-4160-AE8D-4871895B77E9}
	EndGlobalSection
EndGlobal
